
Microsoft Visual Studio Solution File, Format Version 12.00
# Visual Studio Version 17
VisualStudioVersion = 17.11.35222.181
MinimumVisualStudioVersion = 10.0.40219.1
Project("{FAE04EC0-301F-11D3-BF4B-00C04F79EFBC}") = "Assignments", "Assignments\Assignments.csproj", "{C1F2DF01-1C4F-46EB-B3C4-7845061350E3}"
EndProject
Global
	GlobalSection(SolutionConfigurationPlatforms) = preSolution
		Debug|Any CPU = Debug|Any CPU
		Release|Any CPU = Release|Any CPU
	EndGlobalSection
	GlobalSection(ProjectConfigurationPlatforms) = postSolution
		{C1F2DF01-1C4F-46EB-B3C4-7845061350E3}.Debug|Any CPU.ActiveCfg = Debug|Any CPU
		{C1F2DF01-1C4F-46EB-B3C4-7845061350E3}.Debug|Any CPU.Build.0 = Debug|Any CPU
		{C1F2DF01-1C4F-46EB-B3C4-7845061350E3}.Release|Any CPU.ActiveCfg = Release|Any CPU
		{C1F2DF01-1C4F-46EB-B3C4-7845061350E3}.Release|Any CPU.Build.0 = Release|Any CPU
	EndGlobalSection
	GlobalSection(SolutionProperties) = preSolution
		HideSolutionNode = FALSE
	EndGlobalSection
	GlobalSection(ExtensibilityGlobals) = postSolution
		SolutionGuid = {5C613976-AE73-479A-BB1E-C291C17E107C}
	EndGlobalSection
EndGlobal
